// This lockfile was autogenerated by Pants. To regenerate, run:
//
//    ./pants run build-support/bin/generate_builtin_lockfiles.py
//
// --- BEGIN PANTS LOCKFILE METADATA: DO NOT EDIT OR REMOVE ---
// {
//   "version": 3,
//   "valid_for_interpreter_constraints": [
//     "CPython<4,>=3.7"
//   ],
//   "generated_with_requirements": [
//     "ruff<1,>=0.1.2"
//   ],
//   "manylinux": "manylinux2014",
//   "requirement_constraints": [],
//   "only_binary": [],
//   "no_binary": []
// }
// --- END PANTS LOCKFILE METADATA ---

{
  "allow_builds": true,
  "allow_prereleases": false,
  "allow_wheels": true,
  "build_isolation": true,
  "constraints": [],
  "locked_resolves": [
    {
      "locked_requirements": [
        {
          "artifacts": [
            {
              "algorithm": "sha256",
              "hash": "6464289bd67b2344d2a5d9158d5eb81025258f169e69a46b741b396ffb0cda95",
              "url": "https://files.pythonhosted.org/packages/62/6c/e74b0273f6343ecd6b73d030aeb8116badedd9cda3720f0bb44087eeb596/ruff-0.1.11-py3-none-musllinux_1_2_x86_64.whl"
            },
            {
              "algorithm": "sha256",
              "hash": "9bd4025b9c5b429a48280785a2b71d479798a69f5c2919e7d274c5f4b32c3607",
              "url": "https://files.pythonhosted.org/packages/19/0f/fcf53815605514a57a60d66686e2bc9144df1055b1b146a630f7681df0ae/ruff-0.1.11-py3-none-manylinux_2_17_armv7l.manylinux2014_armv7l.whl"
            },
            {
              "algorithm": "sha256",
              "hash": "5b25093dad3b055667730a9b491129c42d45e11cdb7043b702e97125bcec48a1",
              "url": "https://files.pythonhosted.org/packages/1f/b8/2a995fd93945a47f8184b37349864d7b4c39c1b72c06901018d5ec32100a/ruff-0.1.11-py3-none-manylinux_2_17_s390x.manylinux2014_s390x.whl"
            },
            {
              "algorithm": "sha256",
              "hash": "190a566c8f766c37074d99640cd9ca3da11d8deae2deae7c9505e68a4a30f740",
              "url": "https://files.pythonhosted.org/packages/3f/dd/63795c0e8b59f5da4d98583eca79a87a8a9b028603fc43a9744debafc3cd/ruff-0.1.11-py3-none-musllinux_1_2_i686.whl"
            },
            {
              "algorithm": "sha256",
              "hash": "e1ad00662305dcb1e987f5ec214d31f7d6a062cae3e74c1cbccef15afd96611d",
              "url": "https://files.pythonhosted.org/packages/45/d5/fa7664f40068840ee16d2d1304d6da6021a5d501cb0fc6a8295699c5cf94/ruff-0.1.11-py3-none-manylinux_2_17_i686.manylinux2014_i686.whl"
            },
            {
              "algorithm": "sha256",
              "hash": "231d8fb11b2cc7c0366a326a66dafc6ad449d7fcdbc268497ee47e1334f66f77",
              "url": "https://files.pythonhosted.org/packages/46/27/04785edd5c57eb11b9348287278b796a901969f019adb203ec6b8d411b94/ruff-0.1.11-py3-none-manylinux_2_17_x86_64.manylinux2014_x86_64.whl"
            },
            {
              "algorithm": "sha256",
              "hash": "09c415716884950080921dd6237767e52e227e397e2008e2bed410117679975b",
              "url": "https://files.pythonhosted.org/packages/51/87/dc59414f9ffa23c68b53b44494e8fb996f0f967b41f9470bff1e5472daba/ruff-0.1.11-py3-none-musllinux_1_2_aarch64.whl"
            },
            {
              "algorithm": "sha256",
              "hash": "4b077ce83f47dd6bea1991af08b140e8b8339f0ba8cb9b7a484c30ebab18a23f",
              "url": "https://files.pythonhosted.org/packages/8d/f9/d96520fa3a484a0359e1fce0794c035621435993c2064eab0c0a75a23341/ruff-0.1.11-py3-none-manylinux_2_17_ppc64.manylinux2014_ppc64.whl"
            },
            {
              "algorithm": "sha256",
              "hash": "f9d4d88cb6eeb4dfe20f9f0519bd2eaba8119bde87c3d5065c541dbae2b5a2cb",
              "url": "https://files.pythonhosted.org/packages/b3/a3/a9a504171d286bbe10c7e5cd09110250c01ebca7acede4352211d5372a0e/ruff-0.1.11.tar.gz"
            },
            {
              "algorithm": "sha256",
              "hash": "ea0d3e950e394c4b332bcdd112aa566010a9f9c95814844a7468325290aabfd9",
              "url": "https://files.pythonhosted.org/packages/b7/ea/e16021ecc7f91ccd566ef8196d99fb671a0cb2f677fc626239e1f465fbc0/ruff-0.1.11-py3-none-manylinux_2_17_aarch64.manylinux2014_aarch64.whl"
            },
            {
              "algorithm": "sha256",
              "hash": "0f58948c6d212a6b8d41cd59e349751018797ce1727f961c2fa755ad6208ba45",
              "url": "https://files.pythonhosted.org/packages/de/bb/75627e0294174b8d8e220ade1ea7a6c23c421874b9aceb5aaa80e4f85428/ruff-0.1.11-py3-none-musllinux_1_2_armv7l.whl"
            },
            {
              "algorithm": "sha256",
              "hash": "c4a88efecec23c37b11076fe676e15c6cdb1271a38f2b415e381e87fe4517f18",
              "url": "https://files.pythonhosted.org/packages/e7/3c/9418a9ebf8b578127672670aeda967f28cedfea3145023be3281c92ae4b3/ruff-0.1.11-py3-none-manylinux_2_17_ppc64le.manylinux2014_ppc64le.whl"
            },
            {
              "algorithm": "sha256",
              "hash": "a7f772696b4cdc0a3b2e527fc3c7ccc41cdcb98f5c80fdd4f2b8c50eb1458196",
              "url": "https://files.pythonhosted.org/packages/e7/a6/f0e37c389eaa569547a4bd37a81b3fa9f809931aace6323ead201eae45cc/ruff-0.1.11-py3-none-macosx_10_12_x86_64.macosx_11_0_arm64.macosx_10_12_universal2.whl"
            },
            {
              "algorithm": "sha256",
              "hash": "934832f6ed9b34a7d5feea58972635c2039c7a3b434fe5ba2ce015064cb6e955",
              "url": "https://files.pythonhosted.org/packages/f1/73/3ce8bc3781b63e704589ea950842e01bb7fc84b524d9d1806392d4d39cf9/ruff-0.1.11-py3-none-macosx_10_12_x86_64.whl"
            }
          ],
          "project_name": "ruff",
          "requires_dists": [],
          "requires_python": ">=3.7",
          "version": "0.1.11"
        }
      ],
      "platform_tag": null
    }
  ],
  "path_mappings": {},
  "pex_version": "2.1.152",
  "pip_version": "23.3.1",
  "prefer_older_binary": false,
  "requirements": [
    "ruff<1,>=0.1.2"
  ],
  "requires_python": [
    "<4,>=3.7"
  ],
  "resolver_version": "pip-2020-resolver",
  "style": "universal",
  "target_systems": [
    "linux",
    "mac"
  ],
  "transitive": true,
  "use_pep517": null
}
