// This lockfile was autogenerated by Pants. To regenerate, run:
//
//    ./pants run build-support/bin/generate_builtin_lockfiles.py
//
// --- BEGIN PANTS LOCKFILE METADATA: DO NOT EDIT OR REMOVE ---
// {
//   "version": 3,
//   "valid_for_interpreter_constraints": [
//     "CPython<4,>=3.7"
//   ],
//   "generated_with_requirements": [
//     "python-hcl2<5,>=3.0.5"
//   ],
//   "manylinux": "manylinux2014",
//   "requirement_constraints": [],
//   "only_binary": [],
//   "no_binary": []
// }
// --- END PANTS LOCKFILE METADATA ---

{
  "allow_builds": true,
  "allow_prereleases": false,
  "allow_wheels": true,
  "build_isolation": true,
  "constraints": [],
  "locked_resolves": [
    {
      "locked_requirements": [
        {
          "artifacts": [
            {
              "algorithm": "sha256",
              "hash": "7d2c221a66a8165f3f81aacb958d26033d40d972fdb70213ab0a2e0627e29c86",
              "url": "https://files.pythonhosted.org/packages/99/ca/f3532a61dce7dd52fbd38737a12e16cdc7699697e23287eb7addfdd93e3f/lark-1.1.8-py3-none-any.whl"
            },
            {
              "algorithm": "sha256",
              "hash": "7ef424db57f59c1ffd6f0d4c2b705119927f566b68c0fe1942dddcc0e44391a5",
              "url": "https://files.pythonhosted.org/packages/12/1c/b466b58dacac15ffefce9bcb5128e18948a143849610a7d5300f31920be0/lark-1.1.8.tar.gz"
            }
          ],
          "project_name": "lark",
          "requires_dists": [
            "atomicwrites; extra == \"atomic-cache\"",
            "interegular<0.4.0,>=0.3.1; extra == \"interegular\"",
            "js2py; extra == \"nearley\"",
            "regex; extra == \"regex\""
          ],
          "requires_python": ">=3.6",
          "version": "1.1.8"
        },
        {
          "artifacts": [
            {
              "algorithm": "sha256",
              "hash": "e958fe52ca0519e3500eb621caa16be6be9c27870cbcd1879d8c538fb85067ea",
              "url": "https://files.pythonhosted.org/packages/34/0a/39813c22334a22b43ffd16acb06aa4541ea1d34bfeab2aa2bcece83a471f/python_hcl2-4.3.2-py3-none-any.whl"
            },
            {
              "algorithm": "sha256",
              "hash": "7122661438be27ccd8b8f3db71969d8ef2cce3b3cf183e88f8172575e7405a65",
              "url": "https://files.pythonhosted.org/packages/ef/94/cc6f7100a857a5a4a676c2c71322ca476051278fad4ec956f0116c1d3834/python-hcl2-4.3.2.tar.gz"
            }
          ],
          "project_name": "python-hcl2",
          "requires_dists": [
            "lark<2,>=1"
          ],
          "requires_python": ">=3.7.0",
          "version": "4.3.2"
        }
      ],
      "platform_tag": null
    }
  ],
  "path_mappings": {},
  "pex_version": "2.1.152",
  "pip_version": "23.3.1",
  "prefer_older_binary": false,
  "requirements": [
    "python-hcl2<5,>=3.0.5"
  ],
  "requires_python": [
    "<4,>=3.7"
  ],
  "resolver_version": "pip-2020-resolver",
  "style": "universal",
  "target_systems": [
    "linux",
    "mac"
  ],
  "transitive": true,
  "use_pep517": null
}
